
Microsoft Visual Studio Solution File, Format Version 12.00
# Visual Studio Version 17
VisualStudioVersion = 17.1.32210.238
MinimumVisualStudioVersion = 10.0.40219.1
Project("{FAE04EC0-301F-11D3-BF4B-00C04F79EFBC}") = "Továrna", "Továrna\Továrna.csproj", "{00049408-E60C-41FA-9291-4DB3DCEDC0EE}"
EndProject
Global
	GlobalSection(SolutionConfigurationPlatforms) = preSolution
		Debug|Any CPU = Debug|Any CPU
		Release|Any CPU = Release|Any CPU
	EndGlobalSection
	GlobalSection(ProjectConfigurationPlatforms) = postSolution
		{00049408-E60C-41FA-9291-4DB3DCEDC0EE}.Debug|Any CPU.ActiveCfg = Debug|Any CPU
		{00049408-E60C-41FA-9291-4DB3DCEDC0EE}.Debug|Any CPU.Build.0 = Debug|Any CPU
		{00049408-E60C-41FA-9291-4DB3DCEDC0EE}.Release|Any CPU.ActiveCfg = Release|Any CPU
		{00049408-E60C-41FA-9291-4DB3DCEDC0EE}.Release|Any CPU.Build.0 = Release|Any CPU
	EndGlobalSection
	GlobalSection(SolutionProperties) = preSolution
		HideSolutionNode = FALSE
	EndGlobalSection
	GlobalSection(ExtensibilityGlobals) = postSolution
		SolutionGuid = {5F91B56C-58BF-42C7-B998-F22DC22A6238}
	EndGlobalSection
EndGlobal
